{
  "requires": true,
  "lockfileVersion": 1,
  "dependencies": {
    "@wmenge/nanotest": {
      "version": "0.0.1",
      "resolved": "https://registry.npmjs.org/@wmenge/nanotest/-/nanotest-0.0.1.tgz",
      "integrity": "sha512-2uA6XLgaqhZKreouWIgpdD3agnQHG6MFbX6Tgt0Fmv4W5XymJX/SSCt1jPKHvNnxCt2wvWCUOAl+vg8LYDSSsA=="
    }
  }
}
